
Microsoft Visual Studio Solution File, Format Version 12.00
# Visual Studio 15
VisualStudioVersion = 15.0.27130.2010
MinimumVisualStudioVersion = 10.0.40219.1
Project("{FAE04EC0-301F-11D3-BF4B-00C04F79EFBC}") = "NGB.Data", "NGB.Data\NGB.Data.csproj", "{1C9A8118-BC6F-4482-96EF-F222D89764F2}"
EndProject
Global
	GlobalSection(SolutionConfigurationPlatforms) = preSolution
		Debug|Any CPU = Debug|Any CPU
		Release|Any CPU = Release|Any CPU
	EndGlobalSection
	GlobalSection(ProjectConfigurationPlatforms) = postSolution
		{1C9A8118-BC6F-4482-96EF-F222D89764F2}.Debug|Any CPU.ActiveCfg = Debug|Any CPU
		{1C9A8118-BC6F-4482-96EF-F222D89764F2}.Debug|Any CPU.Build.0 = Debug|Any CPU
		{1C9A8118-BC6F-4482-96EF-F222D89764F2}.Release|Any CPU.ActiveCfg = Release|Any CPU
		{1C9A8118-BC6F-4482-96EF-F222D89764F2}.Release|Any CPU.Build.0 = Release|Any CPU
	EndGlobalSection
	GlobalSection(SolutionProperties) = preSolution
		HideSolutionNode = FALSE
	EndGlobalSection
	GlobalSection(ExtensibilityGlobals) = postSolution
		SolutionGuid = {E5801A2D-D8F0-4D4E-A11F-B8F9F5529FD7}
	EndGlobalSection
EndGlobal
